{
  "version": 4,
  "terraform_version": "1.5.5",
  "serial": 32,
  "lineage": "10d5a617-fd8d-a2fe-8c07-687d22c058e2",
  "outputs": {
    "output_clickhouse-01_public_ip": {
      "value": "158.160.120.23",
      "type": "string"
    }
  },
  "resources": [
    {
      "mode": "data",
      "type": "yandex_compute_image",
      "name": "centos-7",
      "provider": "provider[\"registry.terraform.io/yandex-cloud/yandex\"]",
      "instances": [
        {
          "schema_version": 0,
          "attributes": {
            "created_at": "2023-09-25T10:53:16Z",
            "description": "centos 7",
            "family": "centos-7",
            "folder_id": "standard-images",
            "id": "fd8iqpj5nifue99bshhi",
            "image_id": "fd8iqpj5nifue99bshhi",
            "labels": {},
            "min_disk_size": 10,
            "name": "centos-7-v20230925",
            "os_type": "linux",
            "pooled": true,
            "product_ids": [
              "f2eehlb96hvvinreae3e"
            ],
            "size": 1,
            "status": "ready"
          },
          "sensitive_attributes": []
        }
      ]
    },
    {
      "mode": "managed",
      "type": "local_file",
      "name": "ansible_inventory",
      "provider": "provider[\"registry.terraform.io/hashicorp/local\"]",
      "instances": [
        {
          "schema_version": 0,
          "attributes": {
            "content": "---\r\nclickhouse:\r\n  hosts:\r\n    clickhouse-01:\r\n      ansible_connection: ssh\r\n      ansible_host: 158.160.120.23\r\n      ansible_ssh_user: centos",
            "content_base64": null,
            "content_base64sha256": "IXD6KirnAn492Cgt7zb15IAYLRevRVQkq/UDRcePJR0=",
            "content_base64sha512": "yqukC+xedYFCr+89+X1vFs+yKSBp6Qk5NvQy5nUjv7QfteTz9mr220dbhY/24QwVVo07s7mxzIPY0GQ6V/g+hg==",
            "content_md5": "ab0dce9b63a6f779bb2b273967774d3c",
            "content_sha1": "8b30fa7a1991dd550cfb0855977dd32d8754b9e1",
            "content_sha256": "2170fa2a2ae7027e3dd8282def36f5e480182d17af455424abf50345c78f251d",
            "content_sha512": "caaba40bec5e758142afef3df97d6f16cfb2292069e9093936f432e67523bfb41fb5e4f3f66af6db475b858ff6e10c15568d3bb3b9b1cc83d8d0643a57f83e86",
            "directory_permission": "0777",
            "file_permission": "0777",
            "filename": "./../playbook/inventory.yaml",
            "id": "8b30fa7a1991dd550cfb0855977dd32d8754b9e1",
            "sensitive_content": null,
            "source": null
          },
          "sensitive_attributes": [],
          "dependencies": [
            "yandex_compute_instance.clickhouse-01"
          ]
        }
      ]
    },
    {
      "mode": "managed",
      "type": "yandex_compute_instance",
      "name": "clickhouse-01",
      "provider": "provider[\"registry.terraform.io/yandex-cloud/yandex\"]",
      "instances": [
        {
          "schema_version": 1,
          "attributes": {
            "allow_recreate": null,
            "allow_stopping_for_update": null,
            "boot_disk": [
              {
                "auto_delete": true,
                "device_name": "fhml472j7og1hol8mpnh",
                "disk_id": "fhml472j7og1hol8mpnh",
                "initialize_params": [
                  {
                    "block_size": 4096,
                    "description": "",
                    "image_id": "fd8iqpj5nifue99bshhi",
                    "name": "",
                    "size": 10,
                    "snapshot_id": "",
                    "type": "network-hdd"
                  }
                ],
                "mode": "READ_WRITE"
              }
            ],
            "created_at": "2023-10-08T08:48:17Z",
            "description": "",
            "filesystem": [],
            "folder_id": "b1glcfkt2b3gabls6e7e",
            "fqdn": "fhmung44dmh7o1r9kkb4.auto.internal",
            "gpu_cluster_id": "",
            "hostname": "",
            "id": "fhmung44dmh7o1r9kkb4",
            "labels": {},
            "local_disk": [],
            "metadata": {
              "serial-port-enable": "1",
              "ssh-keys": "centos:ssh-ed25519 AAAAC3NzaC1lZDI1NTE5AAAAIPvJ6rpGbGn0YsoyIw4kpQFIxYn8QsBoa/6a4xdLptAQ root@DESKTOP-00G1TMP"
            },
            "metadata_options": [
              {
                "aws_v1_http_endpoint": 1,
                "aws_v1_http_token": 2,
                "gce_http_endpoint": 1,
                "gce_http_token": 1
              }
            ],
            "name": "netology-clickhouse-01",
            "network_acceleration_type": "standard",
            "network_interface": [
              {
                "dns_record": [],
                "index": 0,
                "ip_address": "10.0.1.19",
                "ipv4": true,
                "ipv6": false,
                "ipv6_address": "",
                "ipv6_dns_record": [],
                "mac_address": "d0:0d:1e:bc:08:46",
                "nat": true,
                "nat_dns_record": [],
                "nat_ip_address": "158.160.120.23",
                "nat_ip_version": "IPV4",
                "security_group_ids": [],
                "subnet_id": "e9bmf9ln5e7kns8m46ii"
              }
            ],
            "placement_policy": [
              {
                "host_affinity_rules": [],
                "placement_group_id": ""
              }
            ],
            "platform_id": "standard-v1",
            "resources": [
              {
                "core_fraction": 5,
                "cores": 2,
                "gpus": 0,
                "memory": 1
              }
            ],
            "scheduling_policy": [
              {
                "preemptible": true
              }
            ],
            "secondary_disk": [],
            "service_account_id": "",
            "status": "running",
            "timeouts": null,
            "zone": "ru-central1-a"
          },
          "sensitive_attributes": [],
          "private": "eyJlMmJmYjczMC1lY2FhLTExZTYtOGY4OC0zNDM2M2JjN2M0YzAiOnsiY3JlYXRlIjozMDAwMDAwMDAwMDAsImRlbGV0ZSI6MzAwMDAwMDAwMDAwLCJ1cGRhdGUiOjMwMDAwMDAwMDAwMH0sInNjaGVtYV92ZXJzaW9uIjoiMSJ9",
          "dependencies": [
            "data.yandex_compute_image.centos-7",
            "yandex_vpc_network.network-01",
            "yandex_vpc_subnet.subnet-01"
          ]
        }
      ]
    },
    {
      "mode": "managed",
      "type": "yandex_vpc_network",
      "name": "network-01",
      "provider": "provider[\"registry.terraform.io/yandex-cloud/yandex\"]",
      "instances": [
        {
          "schema_version": 0,
          "attributes": {
            "created_at": "2023-10-08T08:48:14Z",
            "default_security_group_id": "enphvfk9da27ugvhrgrb",
            "description": "",
            "folder_id": "b1glcfkt2b3gabls6e7e",
            "id": "enpbvmtvccbn8lh2r0f0",
            "labels": {},
            "name": "network01",
            "subnet_ids": [
              "e9bmf9ln5e7kns8m46ii"
            ],
            "timeouts": null
          },
          "sensitive_attributes": [],
          "private": "eyJlMmJmYjczMC1lY2FhLTExZTYtOGY4OC0zNDM2M2JjN2M0YzAiOnsiY3JlYXRlIjo2MDAwMDAwMDAwMCwiZGVsZXRlIjo2MDAwMDAwMDAwMCwidXBkYXRlIjo2MDAwMDAwMDAwMH19"
        }
      ]
    },
    {
      "mode": "managed",
      "type": "yandex_vpc_subnet",
      "name": "subnet-01",
      "provider": "provider[\"registry.terraform.io/yandex-cloud/yandex\"]",
      "instances": [
        {
          "schema_version": 0,
          "attributes": {
            "created_at": "2023-10-08T08:48:16Z",
            "description": "",
            "dhcp_options": [],
            "folder_id": "b1glcfkt2b3gabls6e7e",
            "id": "e9bmf9ln5e7kns8m46ii",
            "labels": {},
            "name": "subnet01-ru-central1-a",
            "network_id": "enpbvmtvccbn8lh2r0f0",
            "route_table_id": "",
            "timeouts": null,
            "v4_cidr_blocks": [
              "10.0.1.0/24"
            ],
            "v6_cidr_blocks": [],
            "zone": "ru-central1-a"
          },
          "sensitive_attributes": [],
          "private": "eyJlMmJmYjczMC1lY2FhLTExZTYtOGY4OC0zNDM2M2JjN2M0YzAiOnsiY3JlYXRlIjoxODAwMDAwMDAwMDAsImRlbGV0ZSI6MTgwMDAwMDAwMDAwLCJ1cGRhdGUiOjE4MDAwMDAwMDAwMH19",
          "dependencies": [
            "yandex_vpc_network.network-01"
          ]
        }
      ]
    }
  ],
  "check_results": null
}
